
Microsoft Visual Studio Solution File, Format Version 12.00
# Visual Studio Version 17
VisualStudioVersion = 17.3.32922.545
MinimumVisualStudioVersion = 10.0.40219.1
Project("{2150E333-8FDC-42A3-9474-1A3956D46DE8}") = "01. Clients", "01. Clients", "{457D08CE-7AD5-4800-88CF-C1A245843C7D}"
EndProject
Project("{2150E333-8FDC-42A3-9474-1A3956D46DE8}") = "02. Api.Gateways", "02. Api.Gateways", "{A1007814-EE36-479A-AD04-87CFD7909CFF}"
EndProject
Project("{2150E333-8FDC-42A3-9474-1A3956D46DE8}") = "03. Services", "03. Services", "{0C0E7754-54AE-4DD8-B2F8-B76A51CF3795}"
EndProject
Project("{2150E333-8FDC-42A3-9474-1A3956D46DE8}") = "01. Identity", "01. Identity", "{8DAA13EE-86BB-4197-BC5A-77F2F198A61B}"
EndProject
Project("{2150E333-8FDC-42A3-9474-1A3956D46DE8}") = "02. Catalog", "02. Catalog", "{C31E6519-DF6C-4D83-BF42-B39348542D18}"
EndProject
Project("{2150E333-8FDC-42A3-9474-1A3956D46DE8}") = "03. Customer", "03. Customer", "{BE8A6E49-AC38-43DC-8130-28A361139E8F}"
EndProject
Project("{2150E333-8FDC-42A3-9474-1A3956D46DE8}") = "04. Order", "04. Order", "{1591505D-D38C-47AE-9319-3BF663E4CB66}"
EndProject
Project("{2150E333-8FDC-42A3-9474-1A3956D46DE8}") = "Common", "Common", "{BCF6CC2E-B25C-434D-979D-DDE6F6A2B3C9}"
EndProject
Project("{2150E333-8FDC-42A3-9474-1A3956D46DE8}") = "APIs", "APIs", "{73832E84-B277-4DFF-8B50-E8C887B54A80}"
EndProject
Project("{2150E333-8FDC-42A3-9474-1A3956D46DE8}") = "01. API", "01. API", "{EE1286DE-07ED-4B5B-8FEB-839405CC3772}"
EndProject
Project("{2150E333-8FDC-42A3-9474-1A3956D46DE8}") = "02. Services", "02. Services", "{BEBC495E-BF7A-42F7-B11C-65A8B63931B5}"
EndProject
Project("{2150E333-8FDC-42A3-9474-1A3956D46DE8}") = "03. Persistence", "03. Persistence", "{858CC8B1-48E8-4B6E-8EB7-CD70EAAB6304}"
EndProject
Project("{2150E333-8FDC-42A3-9474-1A3956D46DE8}") = "04. Models", "04. Models", "{D0C08DD9-AF45-4A5D-A8B6-C35D19A40568}"
EndProject
Project("{2150E333-8FDC-42A3-9474-1A3956D46DE8}") = "01. API", "01. API", "{114DED13-9F5E-469D-A7B3-A6279F78A07C}"
EndProject
Project("{2150E333-8FDC-42A3-9474-1A3956D46DE8}") = "02. Services", "02. Services", "{26992397-127C-4BF9-9359-C1C9BA861CBD}"
EndProject
Project("{2150E333-8FDC-42A3-9474-1A3956D46DE8}") = "03. Persistence", "03. Persistence", "{221841BF-5879-4E74-B1A1-A7CB4A0144F6}"
EndProject
Project("{2150E333-8FDC-42A3-9474-1A3956D46DE8}") = "04. Models", "04. Models", "{2705DF61-0E1A-42EA-A4C9-E8D08684DF14}"
EndProject
Project("{2150E333-8FDC-42A3-9474-1A3956D46DE8}") = "05. Common", "05. Common", "{71F8A1BF-3F8F-45F9-BF62-19200610DC98}"
EndProject
Project("{2150E333-8FDC-42A3-9474-1A3956D46DE8}") = "06. Testing", "06. Testing", "{F52E78A1-5157-4ABD-BCD3-D00DA447A0C5}"
EndProject
Project("{2150E333-8FDC-42A3-9474-1A3956D46DE8}") = "01. API", "01. API", "{C527521F-3804-4422-99F6-5A97758648EA}"
EndProject
Project("{2150E333-8FDC-42A3-9474-1A3956D46DE8}") = "02. Services", "02. Services", "{BC4F5380-BD2B-4EA9-B38B-4741EBD0447D}"
EndProject
Project("{2150E333-8FDC-42A3-9474-1A3956D46DE8}") = "03. Persistence", "03. Persistence", "{58FDB4E9-9E7F-4672-9C5A-D267F9A9F344}"
EndProject
Project("{2150E333-8FDC-42A3-9474-1A3956D46DE8}") = "04. Models", "04. Models", "{EC41B2AE-1B19-4D71-B835-7B515D9844C1}"
EndProject
Project("{2150E333-8FDC-42A3-9474-1A3956D46DE8}") = "01. API", "01. API", "{58EC3348-AFEC-418F-82B5-03FE5FA83C3A}"
EndProject
Project("{2150E333-8FDC-42A3-9474-1A3956D46DE8}") = "02. Services", "02. Services", "{3375765C-04F6-4D75-A911-A767A43AACCE}"
EndProject
Project("{2150E333-8FDC-42A3-9474-1A3956D46DE8}") = "03. Persistence", "03. Persistence", "{E0896773-DE71-4D09-A67E-333E51639AC7}"
EndProject
Project("{2150E333-8FDC-42A3-9474-1A3956D46DE8}") = "04. Models", "04. Models", "{D0C8796A-4084-4473-96EB-4E2B041C6A5B}"
EndProject
Project("{2150E333-8FDC-42A3-9474-1A3956D46DE8}") = "05. Common", "05. Common", "{8C6B6FBB-9FDA-47F5-B9CC-27A8180C5F24}"
EndProject
Project("{9A19103F-16F7-4668-BE54-9A1E7A4F7556}") = "Catalog.Api", "src\Services\Catalog\Catalog.Api\Catalog.Api.csproj", "{571F5A70-98D9-4829-8BFD-37AFD36AD873}"
EndProject
Project("{9A19103F-16F7-4668-BE54-9A1E7A4F7556}") = "Catalog.Service.EventHandlers", "src\Services\Catalog\Catalog.Service.EventHandlers\Catalog.Service.EventHandlers.csproj", "{1196D937-DDA2-41B1-A26D-1E62C9D1C464}"
EndProject
Project("{9A19103F-16F7-4668-BE54-9A1E7A4F7556}") = "Catalog.Service.Queries", "src\Services\Catalog\Catalog.Service.Queries\Catalog.Service.Queries.csproj", "{52978D8A-7336-44ED-A279-F07AACD99862}"
EndProject
Project("{9A19103F-16F7-4668-BE54-9A1E7A4F7556}") = "Catalog.Persistence.Database", "src\Services\Catalog\Catalog.Persistence.Database\Catalog.Persistence.Database.csproj", "{016E10C7-0CE7-4A8A-9D72-37DDC62272A5}"
EndProject
Project("{9A19103F-16F7-4668-BE54-9A1E7A4F7556}") = "Catalog.Domain", "src\Services\Catalog\Catalog.Domain\Catalog.Domain.csproj", "{DA1826CC-DFC7-4957-B1E9-B4C7D3E974D0}"
EndProject
Project("{9A19103F-16F7-4668-BE54-9A1E7A4F7556}") = "Catalog.Common", "src\Services\Catalog\Catalog.Common\Catalog.Common.csproj", "{42879469-B4EE-4CB8-B852-BBF60960C0F0}"
EndProject
Project("{9A19103F-16F7-4668-BE54-9A1E7A4F7556}") = "Service.Common.Collection", "src\Services\Service.Common.Collection\Service.Common.Collection.csproj", "{E6AE7367-F527-419B-B3C8-23F94F038D20}"
EndProject
Project("{9A19103F-16F7-4668-BE54-9A1E7A4F7556}") = "Service.Common.Mapping", "src\Services\Service.Common.Mapping\Service.Common.Mapping.csproj", "{BAA932E5-BAEA-4C3C-B7B2-441D9329F93E}"
EndProject
Project("{9A19103F-16F7-4668-BE54-9A1E7A4F7556}") = "Service.Common.Paging", "src\Services\Service.Common.Paging\Service.Common.Paging.csproj", "{61A4C643-5FF9-4061-9EC6-BF99EBCF1EE4}"
EndProject
Project("{9A19103F-16F7-4668-BE54-9A1E7A4F7556}") = "Catalog.Tests", "src\Services\Catalog\Catalog.Tests\Catalog.Tests.csproj", "{2D174884-15D7-4516-A631-39B3132EA54F}"
EndProject
Project("{9A19103F-16F7-4668-BE54-9A1E7A4F7556}") = "Customer.Api", "src\Services\Customer\Customer.Api\Customer.Api.csproj", "{E05853D7-8DB9-4653-B297-8B6B60B16BD5}"
EndProject
Project("{9A19103F-16F7-4668-BE54-9A1E7A4F7556}") = "Customer.Domain", "src\Services\Customer\Customer.Domain\Customer.Domain.csproj", "{0ACE22BC-06B7-4B03-BA82-64C2AEEC355A}"
EndProject
Project("{9A19103F-16F7-4668-BE54-9A1E7A4F7556}") = "Customer.Persistence.Database", "src\Services\Customer\Customer.Persistence.Database\Customer.Persistence.Database.csproj", "{EF66DEE8-8999-441E-844C-740469EF3FB1}"
EndProject
Project("{9A19103F-16F7-4668-BE54-9A1E7A4F7556}") = "Customer.Service.EventHandlers", "src\Services\Customer\Customer.Service.EventHandlers\Customer.Service.EventHandlers.csproj", "{30746D62-F90C-4F25-A194-2AC7E4C828C5}"
EndProject
Project("{9A19103F-16F7-4668-BE54-9A1E7A4F7556}") = "Customer.Service.Queries", "src\Services\Customer\Customer.Service.Queries\Customer.Service.Queries.csproj", "{513F306D-DFE1-4BD3-A219-3530D189FA1A}"
EndProject
Project("{9A19103F-16F7-4668-BE54-9A1E7A4F7556}") = "Order.Domain", "src\Services\Order\Order.Domain\Order.Domain.csproj", "{F6D46009-F927-41DA-8770-60636C56FB9E}"
EndProject
Project("{9A19103F-16F7-4668-BE54-9A1E7A4F7556}") = "Order.Common", "src\Services\Order\Order.Common\Order.Common.csproj", "{4DCA30FE-C668-432B-A3C8-B5D094C9CAE2}"
EndProject
Project("{9A19103F-16F7-4668-BE54-9A1E7A4F7556}") = "Order.Persistence.Database", "src\Services\Order\Order.Persistence.Database\Order.Persistence.Database.csproj", "{47B2563B-6E9C-4927-9D0B-1BD63952B94A}"
EndProject
Project("{9A19103F-16F7-4668-BE54-9A1E7A4F7556}") = "Order.Api", "src\Services\Order\Order.Api\Order.Api.csproj", "{3FB55788-9747-4DB5-B86A-63BE9CCCD792}"
EndProject
Project("{9A19103F-16F7-4668-BE54-9A1E7A4F7556}") = "Order.Service.Queries", "src\Services\Order\Order.Service.Queries\Order.Service.Queries.csproj", "{C17AF28F-898A-402F-850A-5220A81CBEA0}"
EndProject
Project("{9A19103F-16F7-4668-BE54-9A1E7A4F7556}") = "Order.Service.EventHandlers", "src\Services\Order\Order.Service.EventHandlers\Order.Service.EventHandlers.csproj", "{074FD35F-4924-4273-B886-3B70C16D24E8}"
EndProject
Project("{9A19103F-16F7-4668-BE54-9A1E7A4F7556}") = "Order.Service.Proxies", "src\Services\Order\Order.Service.Proxies\Order.Service.Proxies.csproj", "{B326EB55-0C24-4CCA-A76E-A00B57F039A0}"
EndProject
Project("{9A19103F-16F7-4668-BE54-9A1E7A4F7556}") = "Identity.Domain", "src\Services\Identity\Identity.Domain\Identity.Domain.csproj", "{4F1698D3-3F85-4D42-9E31-3ACB6646614A}"
EndProject
Project("{9A19103F-16F7-4668-BE54-9A1E7A4F7556}") = "Identity.Persistence.Database", "src\Services\Identity\Identity.Persistence.Database\Identity.Persistence.Database.csproj", "{EF17B0B9-A34E-4383-B4DA-0B01B63A6C30}"
EndProject
Project("{9A19103F-16F7-4668-BE54-9A1E7A4F7556}") = "Identity.Service.Queries", "src\Services\Identity\Identity.Service.Queries\Identity.Service.Queries.csproj", "{B73AABA8-F1E5-4C85-8384-7D7F382B192C}"
EndProject
Project("{9A19103F-16F7-4668-BE54-9A1E7A4F7556}") = "Identity.Service.EventHandlers", "src\Services\Identity\Identity.Service.EventHandlers\Identity.Service.EventHandlers.csproj", "{A953E58F-A489-49AD-A08F-ED91051B565A}"
EndProject
Project("{9A19103F-16F7-4668-BE54-9A1E7A4F7556}") = "Identity.Api", "src\Services\Identity\Identity.Api\Identity.Api.csproj", "{55B33EEE-C1C2-4390-B123-8567AC889CCE}"
EndProject
Project("{9A19103F-16F7-4668-BE54-9A1E7A4F7556}") = "Api.Gateway.WebClient", "src\Gateways\Api.Gateway.WebClient\Api.Gateway.WebClient.csproj", "{64CA7C5A-D318-46F3-8207-A1DE07F9B758}"
EndProject
Project("{9A19103F-16F7-4668-BE54-9A1E7A4F7556}") = "Api.Gateway.WebClient.Proxy", "src\Gateways\Api.Gateway.WebClient.Proxy\Api.Gateway.WebClient.Proxy.csproj", "{806AB7FA-62A8-49BA-AC5F-95046B823654}"
EndProject
Project("{9A19103F-16F7-4668-BE54-9A1E7A4F7556}") = "Api.Gateway.Models", "src\Gateways\Api.Gateway.Models\Api.Gateway.Models.csproj", "{E2CD3A93-579F-4E35-9E3E-D14B6FCD7EE8}"
EndProject
Project("{9A19103F-16F7-4668-BE54-9A1E7A4F7556}") = "Api.Gateway.Proxies", "src\Gateways\Api.Gateway.Proxies\Api.Gateway.Proxies.csproj", "{11DDBDA7-EA16-4FDE-8533-BA5E72EBD0E4}"
EndProject
Project("{9A19103F-16F7-4668-BE54-9A1E7A4F7556}") = "Clients.Authentication", "src\Clients\Clients.Authentication\Clients.Authentication.csproj", "{F1C0D83C-3111-4618-A164-94C976B5DABC}"
EndProject
Project("{9A19103F-16F7-4668-BE54-9A1E7A4F7556}") = "Clients.WebClient", "src\Clients\Clients.WebClient\Clients.WebClient.csproj", "{60D10338-1C58-41AC-8B56-8483AFCAF371}"
EndProject
Global
	GlobalSection(SolutionConfigurationPlatforms) = preSolution
		Debug|Any CPU = Debug|Any CPU
		Release|Any CPU = Release|Any CPU
	EndGlobalSection
	GlobalSection(ProjectConfigurationPlatforms) = postSolution
		{571F5A70-98D9-4829-8BFD-37AFD36AD873}.Debug|Any CPU.ActiveCfg = Debug|Any CPU
		{571F5A70-98D9-4829-8BFD-37AFD36AD873}.Debug|Any CPU.Build.0 = Debug|Any CPU
		{571F5A70-98D9-4829-8BFD-37AFD36AD873}.Release|Any CPU.ActiveCfg = Release|Any CPU
		{571F5A70-98D9-4829-8BFD-37AFD36AD873}.Release|Any CPU.Build.0 = Release|Any CPU
		{1196D937-DDA2-41B1-A26D-1E62C9D1C464}.Debug|Any CPU.ActiveCfg = Debug|Any CPU
		{1196D937-DDA2-41B1-A26D-1E62C9D1C464}.Debug|Any CPU.Build.0 = Debug|Any CPU
		{1196D937-DDA2-41B1-A26D-1E62C9D1C464}.Release|Any CPU.ActiveCfg = Release|Any CPU
		{1196D937-DDA2-41B1-A26D-1E62C9D1C464}.Release|Any CPU.Build.0 = Release|Any CPU
		{52978D8A-7336-44ED-A279-F07AACD99862}.Debug|Any CPU.ActiveCfg = Debug|Any CPU
		{52978D8A-7336-44ED-A279-F07AACD99862}.Debug|Any CPU.Build.0 = Debug|Any CPU
		{52978D8A-7336-44ED-A279-F07AACD99862}.Release|Any CPU.ActiveCfg = Release|Any CPU
		{52978D8A-7336-44ED-A279-F07AACD99862}.Release|Any CPU.Build.0 = Release|Any CPU
		{016E10C7-0CE7-4A8A-9D72-37DDC62272A5}.Debug|Any CPU.ActiveCfg = Debug|Any CPU
		{016E10C7-0CE7-4A8A-9D72-37DDC62272A5}.Debug|Any CPU.Build.0 = Debug|Any CPU
		{016E10C7-0CE7-4A8A-9D72-37DDC62272A5}.Release|Any CPU.ActiveCfg = Release|Any CPU
		{016E10C7-0CE7-4A8A-9D72-37DDC62272A5}.Release|Any CPU.Build.0 = Release|Any CPU
		{DA1826CC-DFC7-4957-B1E9-B4C7D3E974D0}.Debug|Any CPU.ActiveCfg = Debug|Any CPU
		{DA1826CC-DFC7-4957-B1E9-B4C7D3E974D0}.Debug|Any CPU.Build.0 = Debug|Any CPU
		{DA1826CC-DFC7-4957-B1E9-B4C7D3E974D0}.Release|Any CPU.ActiveCfg = Release|Any CPU
		{DA1826CC-DFC7-4957-B1E9-B4C7D3E974D0}.Release|Any CPU.Build.0 = Release|Any CPU
		{42879469-B4EE-4CB8-B852-BBF60960C0F0}.Debug|Any CPU.ActiveCfg = Debug|Any CPU
		{42879469-B4EE-4CB8-B852-BBF60960C0F0}.Debug|Any CPU.Build.0 = Debug|Any CPU
		{42879469-B4EE-4CB8-B852-BBF60960C0F0}.Release|Any CPU.ActiveCfg = Release|Any CPU
		{42879469-B4EE-4CB8-B852-BBF60960C0F0}.Release|Any CPU.Build.0 = Release|Any CPU
		{E6AE7367-F527-419B-B3C8-23F94F038D20}.Debug|Any CPU.ActiveCfg = Debug|Any CPU
		{E6AE7367-F527-419B-B3C8-23F94F038D20}.Debug|Any CPU.Build.0 = Debug|Any CPU
		{E6AE7367-F527-419B-B3C8-23F94F038D20}.Release|Any CPU.ActiveCfg = Release|Any CPU
		{E6AE7367-F527-419B-B3C8-23F94F038D20}.Release|Any CPU.Build.0 = Release|Any CPU
		{BAA932E5-BAEA-4C3C-B7B2-441D9329F93E}.Debug|Any CPU.ActiveCfg = Debug|Any CPU
		{BAA932E5-BAEA-4C3C-B7B2-441D9329F93E}.Debug|Any CPU.Build.0 = Debug|Any CPU
		{BAA932E5-BAEA-4C3C-B7B2-441D9329F93E}.Release|Any CPU.ActiveCfg = Release|Any CPU
		{BAA932E5-BAEA-4C3C-B7B2-441D9329F93E}.Release|Any CPU.Build.0 = Release|Any CPU
		{61A4C643-5FF9-4061-9EC6-BF99EBCF1EE4}.Debug|Any CPU.ActiveCfg = Debug|Any CPU
		{61A4C643-5FF9-4061-9EC6-BF99EBCF1EE4}.Debug|Any CPU.Build.0 = Debug|Any CPU
		{61A4C643-5FF9-4061-9EC6-BF99EBCF1EE4}.Release|Any CPU.ActiveCfg = Release|Any CPU
		{61A4C643-5FF9-4061-9EC6-BF99EBCF1EE4}.Release|Any CPU.Build.0 = Release|Any CPU
		{2D174884-15D7-4516-A631-39B3132EA54F}.Debug|Any CPU.ActiveCfg = Debug|Any CPU
		{2D174884-15D7-4516-A631-39B3132EA54F}.Debug|Any CPU.Build.0 = Debug|Any CPU
		{2D174884-15D7-4516-A631-39B3132EA54F}.Release|Any CPU.ActiveCfg = Release|Any CPU
		{2D174884-15D7-4516-A631-39B3132EA54F}.Release|Any CPU.Build.0 = Release|Any CPU
		{E05853D7-8DB9-4653-B297-8B6B60B16BD5}.Debug|Any CPU.ActiveCfg = Debug|Any CPU
		{E05853D7-8DB9-4653-B297-8B6B60B16BD5}.Debug|Any CPU.Build.0 = Debug|Any CPU
		{E05853D7-8DB9-4653-B297-8B6B60B16BD5}.Release|Any CPU.ActiveCfg = Release|Any CPU
		{E05853D7-8DB9-4653-B297-8B6B60B16BD5}.Release|Any CPU.Build.0 = Release|Any CPU
		{0ACE22BC-06B7-4B03-BA82-64C2AEEC355A}.Debug|Any CPU.ActiveCfg = Debug|Any CPU
		{0ACE22BC-06B7-4B03-BA82-64C2AEEC355A}.Debug|Any CPU.Build.0 = Debug|Any CPU
		{0ACE22BC-06B7-4B03-BA82-64C2AEEC355A}.Release|Any CPU.ActiveCfg = Release|Any CPU
		{0ACE22BC-06B7-4B03-BA82-64C2AEEC355A}.Release|Any CPU.Build.0 = Release|Any CPU
		{EF66DEE8-8999-441E-844C-740469EF3FB1}.Debug|Any CPU.ActiveCfg = Debug|Any CPU
		{EF66DEE8-8999-441E-844C-740469EF3FB1}.Debug|Any CPU.Build.0 = Debug|Any CPU
		{EF66DEE8-8999-441E-844C-740469EF3FB1}.Release|Any CPU.ActiveCfg = Release|Any CPU
		{EF66DEE8-8999-441E-844C-740469EF3FB1}.Release|Any CPU.Build.0 = Release|Any CPU
		{30746D62-F90C-4F25-A194-2AC7E4C828C5}.Debug|Any CPU.ActiveCfg = Debug|Any CPU
		{30746D62-F90C-4F25-A194-2AC7E4C828C5}.Debug|Any CPU.Build.0 = Debug|Any CPU
		{30746D62-F90C-4F25-A194-2AC7E4C828C5}.Release|Any CPU.ActiveCfg = Release|Any CPU
		{30746D62-F90C-4F25-A194-2AC7E4C828C5}.Release|Any CPU.Build.0 = Release|Any CPU
		{513F306D-DFE1-4BD3-A219-3530D189FA1A}.Debug|Any CPU.ActiveCfg = Debug|Any CPU
		{513F306D-DFE1-4BD3-A219-3530D189FA1A}.Debug|Any CPU.Build.0 = Debug|Any CPU
		{513F306D-DFE1-4BD3-A219-3530D189FA1A}.Release|Any CPU.ActiveCfg = Release|Any CPU
		{513F306D-DFE1-4BD3-A219-3530D189FA1A}.Release|Any CPU.Build.0 = Release|Any CPU
		{F6D46009-F927-41DA-8770-60636C56FB9E}.Debug|Any CPU.ActiveCfg = Debug|Any CPU
		{F6D46009-F927-41DA-8770-60636C56FB9E}.Debug|Any CPU.Build.0 = Debug|Any CPU
		{F6D46009-F927-41DA-8770-60636C56FB9E}.Release|Any CPU.ActiveCfg = Release|Any CPU
		{F6D46009-F927-41DA-8770-60636C56FB9E}.Release|Any CPU.Build.0 = Release|Any CPU
		{4DCA30FE-C668-432B-A3C8-B5D094C9CAE2}.Debug|Any CPU.ActiveCfg = Debug|Any CPU
		{4DCA30FE-C668-432B-A3C8-B5D094C9CAE2}.Debug|Any CPU.Build.0 = Debug|Any CPU
		{4DCA30FE-C668-432B-A3C8-B5D094C9CAE2}.Release|Any CPU.ActiveCfg = Release|Any CPU
		{4DCA30FE-C668-432B-A3C8-B5D094C9CAE2}.Release|Any CPU.Build.0 = Release|Any CPU
		{47B2563B-6E9C-4927-9D0B-1BD63952B94A}.Debug|Any CPU.ActiveCfg = Debug|Any CPU
		{47B2563B-6E9C-4927-9D0B-1BD63952B94A}.Debug|Any CPU.Build.0 = Debug|Any CPU
		{47B2563B-6E9C-4927-9D0B-1BD63952B94A}.Release|Any CPU.ActiveCfg = Release|Any CPU
		{47B2563B-6E9C-4927-9D0B-1BD63952B94A}.Release|Any CPU.Build.0 = Release|Any CPU
		{3FB55788-9747-4DB5-B86A-63BE9CCCD792}.Debug|Any CPU.ActiveCfg = Debug|Any CPU
		{3FB55788-9747-4DB5-B86A-63BE9CCCD792}.Debug|Any CPU.Build.0 = Debug|Any CPU
		{3FB55788-9747-4DB5-B86A-63BE9CCCD792}.Release|Any CPU.ActiveCfg = Release|Any CPU
		{3FB55788-9747-4DB5-B86A-63BE9CCCD792}.Release|Any CPU.Build.0 = Release|Any CPU
		{C17AF28F-898A-402F-850A-5220A81CBEA0}.Debug|Any CPU.ActiveCfg = Debug|Any CPU
		{C17AF28F-898A-402F-850A-5220A81CBEA0}.Debug|Any CPU.Build.0 = Debug|Any CPU
		{C17AF28F-898A-402F-850A-5220A81CBEA0}.Release|Any CPU.ActiveCfg = Release|Any CPU
		{C17AF28F-898A-402F-850A-5220A81CBEA0}.Release|Any CPU.Build.0 = Release|Any CPU
		{074FD35F-4924-4273-B886-3B70C16D24E8}.Debug|Any CPU.ActiveCfg = Debug|Any CPU
		{074FD35F-4924-4273-B886-3B70C16D24E8}.Debug|Any CPU.Build.0 = Debug|Any CPU
		{074FD35F-4924-4273-B886-3B70C16D24E8}.Release|Any CPU.ActiveCfg = Release|Any CPU
		{074FD35F-4924-4273-B886-3B70C16D24E8}.Release|Any CPU.Build.0 = Release|Any CPU
		{B326EB55-0C24-4CCA-A76E-A00B57F039A0}.Debug|Any CPU.ActiveCfg = Debug|Any CPU
		{B326EB55-0C24-4CCA-A76E-A00B57F039A0}.Debug|Any CPU.Build.0 = Debug|Any CPU
		{B326EB55-0C24-4CCA-A76E-A00B57F039A0}.Release|Any CPU.ActiveCfg = Release|Any CPU
		{B326EB55-0C24-4CCA-A76E-A00B57F039A0}.Release|Any CPU.Build.0 = Release|Any CPU
		{4F1698D3-3F85-4D42-9E31-3ACB6646614A}.Debug|Any CPU.ActiveCfg = Debug|Any CPU
		{4F1698D3-3F85-4D42-9E31-3ACB6646614A}.Debug|Any CPU.Build.0 = Debug|Any CPU
		{4F1698D3-3F85-4D42-9E31-3ACB6646614A}.Release|Any CPU.ActiveCfg = Release|Any CPU
		{4F1698D3-3F85-4D42-9E31-3ACB6646614A}.Release|Any CPU.Build.0 = Release|Any CPU
		{EF17B0B9-A34E-4383-B4DA-0B01B63A6C30}.Debug|Any CPU.ActiveCfg = Debug|Any CPU
		{EF17B0B9-A34E-4383-B4DA-0B01B63A6C30}.Debug|Any CPU.Build.0 = Debug|Any CPU
		{EF17B0B9-A34E-4383-B4DA-0B01B63A6C30}.Release|Any CPU.ActiveCfg = Release|Any CPU
		{EF17B0B9-A34E-4383-B4DA-0B01B63A6C30}.Release|Any CPU.Build.0 = Release|Any CPU
		{B73AABA8-F1E5-4C85-8384-7D7F382B192C}.Debug|Any CPU.ActiveCfg = Debug|Any CPU
		{B73AABA8-F1E5-4C85-8384-7D7F382B192C}.Debug|Any CPU.Build.0 = Debug|Any CPU
		{B73AABA8-F1E5-4C85-8384-7D7F382B192C}.Release|Any CPU.ActiveCfg = Release|Any CPU
		{B73AABA8-F1E5-4C85-8384-7D7F382B192C}.Release|Any CPU.Build.0 = Release|Any CPU
		{A953E58F-A489-49AD-A08F-ED91051B565A}.Debug|Any CPU.ActiveCfg = Debug|Any CPU
		{A953E58F-A489-49AD-A08F-ED91051B565A}.Debug|Any CPU.Build.0 = Debug|Any CPU
		{A953E58F-A489-49AD-A08F-ED91051B565A}.Release|Any CPU.ActiveCfg = Release|Any CPU
		{A953E58F-A489-49AD-A08F-ED91051B565A}.Release|Any CPU.Build.0 = Release|Any CPU
		{55B33EEE-C1C2-4390-B123-8567AC889CCE}.Debug|Any CPU.ActiveCfg = Debug|Any CPU
		{55B33EEE-C1C2-4390-B123-8567AC889CCE}.Debug|Any CPU.Build.0 = Debug|Any CPU
		{55B33EEE-C1C2-4390-B123-8567AC889CCE}.Release|Any CPU.ActiveCfg = Release|Any CPU
		{55B33EEE-C1C2-4390-B123-8567AC889CCE}.Release|Any CPU.Build.0 = Release|Any CPU
		{64CA7C5A-D318-46F3-8207-A1DE07F9B758}.Debug|Any CPU.ActiveCfg = Debug|Any CPU
		{64CA7C5A-D318-46F3-8207-A1DE07F9B758}.Debug|Any CPU.Build.0 = Debug|Any CPU
		{64CA7C5A-D318-46F3-8207-A1DE07F9B758}.Release|Any CPU.ActiveCfg = Release|Any CPU
		{64CA7C5A-D318-46F3-8207-A1DE07F9B758}.Release|Any CPU.Build.0 = Release|Any CPU
		{806AB7FA-62A8-49BA-AC5F-95046B823654}.Debug|Any CPU.ActiveCfg = Debug|Any CPU
		{806AB7FA-62A8-49BA-AC5F-95046B823654}.Debug|Any CPU.Build.0 = Debug|Any CPU
		{806AB7FA-62A8-49BA-AC5F-95046B823654}.Release|Any CPU.ActiveCfg = Release|Any CPU
		{806AB7FA-62A8-49BA-AC5F-95046B823654}.Release|Any CPU.Build.0 = Release|Any CPU
		{E2CD3A93-579F-4E35-9E3E-D14B6FCD7EE8}.Debug|Any CPU.ActiveCfg = Debug|Any CPU
		{E2CD3A93-579F-4E35-9E3E-D14B6FCD7EE8}.Debug|Any CPU.Build.0 = Debug|Any CPU
		{E2CD3A93-579F-4E35-9E3E-D14B6FCD7EE8}.Release|Any CPU.ActiveCfg = Release|Any CPU
		{E2CD3A93-579F-4E35-9E3E-D14B6FCD7EE8}.Release|Any CPU.Build.0 = Release|Any CPU
		{11DDBDA7-EA16-4FDE-8533-BA5E72EBD0E4}.Debug|Any CPU.ActiveCfg = Debug|Any CPU
		{11DDBDA7-EA16-4FDE-8533-BA5E72EBD0E4}.Debug|Any CPU.Build.0 = Debug|Any CPU
		{11DDBDA7-EA16-4FDE-8533-BA5E72EBD0E4}.Release|Any CPU.ActiveCfg = Release|Any CPU
		{11DDBDA7-EA16-4FDE-8533-BA5E72EBD0E4}.Release|Any CPU.Build.0 = Release|Any CPU
		{F1C0D83C-3111-4618-A164-94C976B5DABC}.Debug|Any CPU.ActiveCfg = Debug|Any CPU
		{F1C0D83C-3111-4618-A164-94C976B5DABC}.Debug|Any CPU.Build.0 = Debug|Any CPU
		{F1C0D83C-3111-4618-A164-94C976B5DABC}.Release|Any CPU.ActiveCfg = Release|Any CPU
		{F1C0D83C-3111-4618-A164-94C976B5DABC}.Release|Any CPU.Build.0 = Release|Any CPU
		{60D10338-1C58-41AC-8B56-8483AFCAF371}.Debug|Any CPU.ActiveCfg = Debug|Any CPU
		{60D10338-1C58-41AC-8B56-8483AFCAF371}.Debug|Any CPU.Build.0 = Debug|Any CPU
		{60D10338-1C58-41AC-8B56-8483AFCAF371}.Release|Any CPU.ActiveCfg = Release|Any CPU
		{60D10338-1C58-41AC-8B56-8483AFCAF371}.Release|Any CPU.Build.0 = Release|Any CPU
	EndGlobalSection
	GlobalSection(SolutionProperties) = preSolution
		HideSolutionNode = FALSE
	EndGlobalSection
	GlobalSection(NestedProjects) = preSolution
		{8DAA13EE-86BB-4197-BC5A-77F2F198A61B} = {0C0E7754-54AE-4DD8-B2F8-B76A51CF3795}
		{C31E6519-DF6C-4D83-BF42-B39348542D18} = {0C0E7754-54AE-4DD8-B2F8-B76A51CF3795}
		{BE8A6E49-AC38-43DC-8130-28A361139E8F} = {0C0E7754-54AE-4DD8-B2F8-B76A51CF3795}
		{1591505D-D38C-47AE-9319-3BF663E4CB66} = {0C0E7754-54AE-4DD8-B2F8-B76A51CF3795}
		{BCF6CC2E-B25C-434D-979D-DDE6F6A2B3C9} = {0C0E7754-54AE-4DD8-B2F8-B76A51CF3795}
		{73832E84-B277-4DFF-8B50-E8C887B54A80} = {A1007814-EE36-479A-AD04-87CFD7909CFF}
		{EE1286DE-07ED-4B5B-8FEB-839405CC3772} = {8DAA13EE-86BB-4197-BC5A-77F2F198A61B}
		{BEBC495E-BF7A-42F7-B11C-65A8B63931B5} = {8DAA13EE-86BB-4197-BC5A-77F2F198A61B}
		{858CC8B1-48E8-4B6E-8EB7-CD70EAAB6304} = {8DAA13EE-86BB-4197-BC5A-77F2F198A61B}
		{D0C08DD9-AF45-4A5D-A8B6-C35D19A40568} = {8DAA13EE-86BB-4197-BC5A-77F2F198A61B}
		{114DED13-9F5E-469D-A7B3-A6279F78A07C} = {C31E6519-DF6C-4D83-BF42-B39348542D18}
		{26992397-127C-4BF9-9359-C1C9BA861CBD} = {C31E6519-DF6C-4D83-BF42-B39348542D18}
		{221841BF-5879-4E74-B1A1-A7CB4A0144F6} = {C31E6519-DF6C-4D83-BF42-B39348542D18}
		{2705DF61-0E1A-42EA-A4C9-E8D08684DF14} = {C31E6519-DF6C-4D83-BF42-B39348542D18}
		{71F8A1BF-3F8F-45F9-BF62-19200610DC98} = {C31E6519-DF6C-4D83-BF42-B39348542D18}
		{F52E78A1-5157-4ABD-BCD3-D00DA447A0C5} = {C31E6519-DF6C-4D83-BF42-B39348542D18}
		{C527521F-3804-4422-99F6-5A97758648EA} = {BE8A6E49-AC38-43DC-8130-28A361139E8F}
		{BC4F5380-BD2B-4EA9-B38B-4741EBD0447D} = {BE8A6E49-AC38-43DC-8130-28A361139E8F}
		{58FDB4E9-9E7F-4672-9C5A-D267F9A9F344} = {BE8A6E49-AC38-43DC-8130-28A361139E8F}
		{EC41B2AE-1B19-4D71-B835-7B515D9844C1} = {BE8A6E49-AC38-43DC-8130-28A361139E8F}
		{58EC3348-AFEC-418F-82B5-03FE5FA83C3A} = {1591505D-D38C-47AE-9319-3BF663E4CB66}
		{3375765C-04F6-4D75-A911-A767A43AACCE} = {1591505D-D38C-47AE-9319-3BF663E4CB66}
		{E0896773-DE71-4D09-A67E-333E51639AC7} = {1591505D-D38C-47AE-9319-3BF663E4CB66}
		{D0C8796A-4084-4473-96EB-4E2B041C6A5B} = {1591505D-D38C-47AE-9319-3BF663E4CB66}
		{8C6B6FBB-9FDA-47F5-B9CC-27A8180C5F24} = {1591505D-D38C-47AE-9319-3BF663E4CB66}
		{571F5A70-98D9-4829-8BFD-37AFD36AD873} = {114DED13-9F5E-469D-A7B3-A6279F78A07C}
		{1196D937-DDA2-41B1-A26D-1E62C9D1C464} = {26992397-127C-4BF9-9359-C1C9BA861CBD}
		{52978D8A-7336-44ED-A279-F07AACD99862} = {26992397-127C-4BF9-9359-C1C9BA861CBD}
		{016E10C7-0CE7-4A8A-9D72-37DDC62272A5} = {221841BF-5879-4E74-B1A1-A7CB4A0144F6}
		{DA1826CC-DFC7-4957-B1E9-B4C7D3E974D0} = {2705DF61-0E1A-42EA-A4C9-E8D08684DF14}
		{42879469-B4EE-4CB8-B852-BBF60960C0F0} = {71F8A1BF-3F8F-45F9-BF62-19200610DC98}
		{E6AE7367-F527-419B-B3C8-23F94F038D20} = {BCF6CC2E-B25C-434D-979D-DDE6F6A2B3C9}
		{BAA932E5-BAEA-4C3C-B7B2-441D9329F93E} = {BCF6CC2E-B25C-434D-979D-DDE6F6A2B3C9}
		{61A4C643-5FF9-4061-9EC6-BF99EBCF1EE4} = {BCF6CC2E-B25C-434D-979D-DDE6F6A2B3C9}
		{2D174884-15D7-4516-A631-39B3132EA54F} = {F52E78A1-5157-4ABD-BCD3-D00DA447A0C5}
		{E05853D7-8DB9-4653-B297-8B6B60B16BD5} = {C527521F-3804-4422-99F6-5A97758648EA}
		{0ACE22BC-06B7-4B03-BA82-64C2AEEC355A} = {EC41B2AE-1B19-4D71-B835-7B515D9844C1}
		{EF66DEE8-8999-441E-844C-740469EF3FB1} = {58FDB4E9-9E7F-4672-9C5A-D267F9A9F344}
		{30746D62-F90C-4F25-A194-2AC7E4C828C5} = {BC4F5380-BD2B-4EA9-B38B-4741EBD0447D}
		{513F306D-DFE1-4BD3-A219-3530D189FA1A} = {BC4F5380-BD2B-4EA9-B38B-4741EBD0447D}
		{F6D46009-F927-41DA-8770-60636C56FB9E} = {D0C8796A-4084-4473-96EB-4E2B041C6A5B}
		{4DCA30FE-C668-432B-A3C8-B5D094C9CAE2} = {8C6B6FBB-9FDA-47F5-B9CC-27A8180C5F24}
		{47B2563B-6E9C-4927-9D0B-1BD63952B94A} = {E0896773-DE71-4D09-A67E-333E51639AC7}
		{3FB55788-9747-4DB5-B86A-63BE9CCCD792} = {58EC3348-AFEC-418F-82B5-03FE5FA83C3A}
		{C17AF28F-898A-402F-850A-5220A81CBEA0} = {3375765C-04F6-4D75-A911-A767A43AACCE}
		{074FD35F-4924-4273-B886-3B70C16D24E8} = {3375765C-04F6-4D75-A911-A767A43AACCE}
		{B326EB55-0C24-4CCA-A76E-A00B57F039A0} = {3375765C-04F6-4D75-A911-A767A43AACCE}
		{4F1698D3-3F85-4D42-9E31-3ACB6646614A} = {D0C08DD9-AF45-4A5D-A8B6-C35D19A40568}
		{EF17B0B9-A34E-4383-B4DA-0B01B63A6C30} = {858CC8B1-48E8-4B6E-8EB7-CD70EAAB6304}
		{B73AABA8-F1E5-4C85-8384-7D7F382B192C} = {BEBC495E-BF7A-42F7-B11C-65A8B63931B5}
		{A953E58F-A489-49AD-A08F-ED91051B565A} = {BEBC495E-BF7A-42F7-B11C-65A8B63931B5}
		{55B33EEE-C1C2-4390-B123-8567AC889CCE} = {EE1286DE-07ED-4B5B-8FEB-839405CC3772}
		{64CA7C5A-D318-46F3-8207-A1DE07F9B758} = {73832E84-B277-4DFF-8B50-E8C887B54A80}
		{806AB7FA-62A8-49BA-AC5F-95046B823654} = {73832E84-B277-4DFF-8B50-E8C887B54A80}
		{E2CD3A93-579F-4E35-9E3E-D14B6FCD7EE8} = {A1007814-EE36-479A-AD04-87CFD7909CFF}
		{11DDBDA7-EA16-4FDE-8533-BA5E72EBD0E4} = {A1007814-EE36-479A-AD04-87CFD7909CFF}
		{F1C0D83C-3111-4618-A164-94C976B5DABC} = {457D08CE-7AD5-4800-88CF-C1A245843C7D}
		{60D10338-1C58-41AC-8B56-8483AFCAF371} = {457D08CE-7AD5-4800-88CF-C1A245843C7D}
	EndGlobalSection
	GlobalSection(ExtensibilityGlobals) = postSolution
		SolutionGuid = {3009734E-6037-4DCA-A114-346172D0A8FA}
	EndGlobalSection
EndGlobal
